# THIS IS AN AUTOGENERATED FILE. DO NOT EDIT THIS FILE DIRECTLY.
# yarn lockfile v1


"@kiltprotocol/asset-did@0.34.0":
  version "0.34.0"
  resolved "https://registry.yarnpkg.com/@kiltprotocol/asset-did/-/asset-did-0.34.0.tgz#574ae07289eac2654b883500e460834664769dca"
  integrity sha512-oY2uGj+QnzkUHzFNR/qil6qD1LH+YNw5Bgp4B/1XYpSeOiNrmrlDj8MGScBm+R7bhvNGAWH0+aOtnSlSyEeNaw==
  dependencies:
    "@kiltprotocol/types" "0.34.0"
    "@kiltprotocol/utils" "0.34.0"

"@kiltprotocol/augment-api@0.34.0":
  version "0.34.0"
  resolved "https://registry.yarnpkg.com/@kiltprotocol/augment-api/-/augment-api-0.34.0.tgz#08f6a183ebc3cc79d045e5c441da0b8ef5602775"
  integrity sha512-0dLLShwFLmc95L8yGKWHvZ6X/EooVJfOLmb8mL/ioG8mwEjmDz9g1FC0eAUcPtJfjVaHTuRYJUcV8w04BuhU+g==
  dependencies:
    "@kiltprotocol/type-definitions" "0.34.0"

"@kiltprotocol/chain-helpers@0.34.0":
  version "0.34.0"
  resolved "https://registry.yarnpkg.com/@kiltprotocol/chain-helpers/-/chain-helpers-0.34.0.tgz#a12cbb24aad1a867012e61af08957048a4138737"
  integrity sha512-rky1q9bIKgVYCOA6HcVaJJapU8EWuHPqXqDxGnUcKAFwVu8MMQ44MSvgqv6+JGvmMcGwe7m57lPGKpEhSYFr6w==
  dependencies:
    "@kiltprotocol/config" "0.34.0"
    "@kiltprotocol/types" "0.34.0"
    "@kiltprotocol/utils" "0.34.0"
    "@polkadot/api" "^10.4.0"
    "@polkadot/types" "^10.4.0"

"@kiltprotocol/config@0.34.0":
  version "0.34.0"
  resolved "https://registry.yarnpkg.com/@kiltprotocol/config/-/config-0.34.0.tgz#7ceeaec5c51989ee88d7dd89bc35f9a82f01fff4"
  integrity sha512-eAupi3kWksWkbsphPGRo75Q8uAIlmHJWo/LDxUotuQyuo2tlo+TTLaBGzBgoF4P/6ItVPI+c5c4ie/686+PhSw==
  dependencies:
    "@kiltprotocol/types" "0.34.0"
    "@polkadot/api" "^10.4.0"
    typescript-logging "^1.0.0"

"@kiltprotocol/core@0.34.0":
  version "0.34.0"
  resolved "https://registry.yarnpkg.com/@kiltprotocol/core/-/core-0.34.0.tgz#574f35da0b7a5d1ae14fc97fd81702ae39e6d861"
  integrity sha512-yAdHdljHupwuFFV6Qq0IUxQAe3VtdqcjOe/D7whMOQBRcoSLJ8ffb2Wu+RuPQXaGFTCF0d0KUurfFmOSsq14Yg==
  dependencies:
    "@kiltprotocol/asset-did" "0.34.0"
    "@kiltprotocol/augment-api" "0.34.0"
    "@kiltprotocol/chain-helpers" "0.34.0"
    "@kiltprotocol/config" "0.34.0"
    "@kiltprotocol/did" "0.34.0"
    "@kiltprotocol/type-definitions" "0.34.0"
    "@kiltprotocol/types" "0.34.0"
    "@kiltprotocol/utils" "0.34.0"
    "@polkadot/api" "^10.4.0"
    "@polkadot/keyring" "^12.0.0"
    "@polkadot/types" "^10.4.0"
    "@polkadot/util" "^12.0.0"
    "@polkadot/util-crypto" "^12.0.0"

"@kiltprotocol/did@0.34.0":
  version "0.34.0"
  resolved "https://registry.yarnpkg.com/@kiltprotocol/did/-/did-0.34.0.tgz#da523df2eb5ec15231e042883c369ae0183094e4"
  integrity sha512-i+E+BLRAYQ1qBysx3dK5WhagZHYrtxI6b79B+qoAo73LJJhHrk0te4mzrmNkPB8VAWFABuy/oXhZ1v7JqA02bQ==
  dependencies:
    "@kiltprotocol/augment-api" "0.34.0"
    "@kiltprotocol/config" "0.34.0"
    "@kiltprotocol/types" "0.34.0"
    "@kiltprotocol/utils" "0.34.0"
    "@polkadot/api" "^10.4.0"
    "@polkadot/keyring" "^12.0.0"
    "@polkadot/types" "^10.4.0"
    "@polkadot/types-codec" "^10.4.0"
    "@polkadot/util" "^12.0.0"
    "@polkadot/util-crypto" "^12.0.0"

"@kiltprotocol/messaging@0.34.0":
  version "0.34.0"
  resolved "https://registry.yarnpkg.com/@kiltprotocol/messaging/-/messaging-0.34.0.tgz#cf6296adb14169fe74ad77a548501a6f79c38215"
  integrity sha512-SGguJfEtO7/HTTMQj+Qhzv//R6e5VbtNdY8qfkbiRhncA4yGwbiqrBHkQzLorAc/911AYlBWvLkhAjrk6hC1yg==
  dependencies:
    "@kiltprotocol/core" "0.34.0"
    "@kiltprotocol/did" "0.34.0"
    "@kiltprotocol/types" "0.34.0"
    "@kiltprotocol/utils" "0.34.0"
    "@polkadot/util" "^12.0.0"

"@kiltprotocol/sdk-js@^0.34.0":
  version "0.34.0"
  resolved "https://registry.yarnpkg.com/@kiltprotocol/sdk-js/-/sdk-js-0.34.0.tgz#b4fb588af020b0c450d1d19dc21f5e47d055cf2a"
  integrity sha512-FCyN2+byCSA1UMd7n7Y86Vcr6rBi0Ficny5iXmHvKSyR8edV3ptDzUEP2JJUsJ6dQZtj7JKNZ4VXrKywKw0KAA==
  dependencies:
    "@kiltprotocol/chain-helpers" "0.34.0"
    "@kiltprotocol/config" "0.34.0"
    "@kiltprotocol/core" "0.34.0"
    "@kiltprotocol/did" "0.34.0"
    "@kiltprotocol/messaging" "0.34.0"
    "@kiltprotocol/types" "0.34.0"
    "@kiltprotocol/utils" "0.34.0"

"@kiltprotocol/type-definitions@0.34.0":
  version "0.34.0"
  resolved "https://registry.yarnpkg.com/@kiltprotocol/type-definitions/-/type-definitions-0.34.0.tgz#101c67c84c553b6339545532a28d8af76645205d"
  integrity sha512-LMQ7HtIq8n/M/G9sg77xGJVJFVXCA/9w+PWMTK+TGR3KvbM9qmQSnhIPJ2KOU4WFe+62HlJ0V1sOoTZDFr7QNw==

"@kiltprotocol/types@0.34.0":
  version "0.34.0"
  resolved "https://registry.yarnpkg.com/@kiltprotocol/types/-/types-0.34.0.tgz#0c347c5e84bd8216ed0fc1dd677580c05b79042b"
  integrity sha512-tbxWr5Z7j29O1zgmqmrAxJEKGUrDEBdQPsFiYuQw7KyJCJjd0TPb+gqg8fHzjTSm+oJCffVLAU/KGAds1vLqZA==
  dependencies:
    "@polkadot/api" "^10.4.0"
    "@polkadot/keyring" "^12.0.0"
    "@polkadot/types" "^10.4.0"
    "@polkadot/util" "^12.0.0"
    "@polkadot/util-crypto" "^12.0.0"

"@kiltprotocol/utils@0.34.0":
  version "0.34.0"
  resolved "https://registry.yarnpkg.com/@kiltprotocol/utils/-/utils-0.34.0.tgz#49eb62d8cbfdf0502e00c32dc7c74e93e068d69b"
  integrity sha512-FzIoRSElxTXBaHF8706+tnye0iFvs0t/7A3XMDJ59ssLfjTZFhB0cANY6Zr/vR+PCdl00XWxKJ7iZJlAtFDy9w==
  dependencies:
    "@kiltprotocol/types" "0.34.0"
    "@polkadot/api" "^10.4.0"
    "@polkadot/keyring" "^12.0.0"
    "@polkadot/util" "^12.0.0"
    "@polkadot/util-crypto" "^12.0.0"
    cbor-web "^9.0.0"
    tweetnacl "^1.0.3"
    uuid "^9.0.0"

"@noble/curves@1.1.0":
  version "1.1.0"
  resolved "https://registry.yarnpkg.com/@noble/curves/-/curves-1.1.0.tgz#f13fc667c89184bc04cccb9b11e8e7bae27d8c3d"
  integrity sha512-091oBExgENk/kGj3AZmtBDMpxQPDtxQABR2B9lb1JbVTs6ytdzZNwvhxQ4MWasRNEzlbEH8jCWFCwhF/Obj5AA==
  dependencies:
    "@noble/hashes" "1.3.1"

"@noble/hashes@1.3.1":
  version "1.3.1"
  resolved "https://registry.yarnpkg.com/@noble/hashes/-/hashes-1.3.1.tgz#8831ef002114670c603c458ab8b11328406953a9"
  integrity sha512-EbqwksQwz9xDRGfDST86whPBgM65E0OH/pCgqW0GBVzO22bNE+NuIbeTb714+IfSjU3aRk47EUvXIb5bTsenKA==

"@polkadot/api-augment@10.9.1":
  version "10.9.1"
  resolved "https://registry.yarnpkg.com/@polkadot/api-augment/-/api-augment-10.9.1.tgz#9fc81b81903229bb23b0b16783e97ec52a5d4f1b"
  integrity sha512-kRZZvCFVcN4hAH4dJ+Qzfdy27/4EEq3oLDf3ihj0LTVrAezSWcKPGE3EVFy+Mn6Lo4SUc7RVyoKvIUhSk2l4Dg==
  dependencies:
    "@polkadot/api-base" "10.9.1"
    "@polkadot/rpc-augment" "10.9.1"
    "@polkadot/types" "10.9.1"
    "@polkadot/types-augment" "10.9.1"
    "@polkadot/types-codec" "10.9.1"
    "@polkadot/util" "^12.3.1"
    tslib "^2.5.3"

"@polkadot/api-base@10.9.1":
  version "10.9.1"
  resolved "https://registry.yarnpkg.com/@polkadot/api-base/-/api-base-10.9.1.tgz#27f63c4950814c2f10535f794121fa1384dc2207"
  integrity sha512-Q3m2KzlceMK2kX8bhnUZWk3RT6emmijeeFZZQgCePpEcrSeNjnqG4qjuTPgkveaOkUT8MAoDc5Avuzcc2jlW9g==
  dependencies:
    "@polkadot/rpc-core" "10.9.1"
    "@polkadot/types" "10.9.1"
    "@polkadot/util" "^12.3.1"
    rxjs "^7.8.1"
    tslib "^2.5.3"

"@polkadot/api-derive@10.9.1":
  version "10.9.1"
  resolved "https://registry.yarnpkg.com/@polkadot/api-derive/-/api-derive-10.9.1.tgz#04a4ca3285fd215c4cd50cfb3f4791d38dd90050"
  integrity sha512-mRud1UZCFIc4Z63qAoGSIHh/foyUYADfy1RQYCmPpeFKfIdCIrHpd7xFdJXTOMYOS0BwlM6u4qli/ZT4XigezQ==
  dependencies:
    "@polkadot/api" "10.9.1"
    "@polkadot/api-augment" "10.9.1"
    "@polkadot/api-base" "10.9.1"
    "@polkadot/rpc-core" "10.9.1"
    "@polkadot/types" "10.9.1"
    "@polkadot/types-codec" "10.9.1"
    "@polkadot/util" "^12.3.1"
    "@polkadot/util-crypto" "^12.3.1"
    rxjs "^7.8.1"
    tslib "^2.5.3"

"@polkadot/api@10.9.1", "@polkadot/api@^10.4.0":
  version "10.9.1"
  resolved "https://registry.yarnpkg.com/@polkadot/api/-/api-10.9.1.tgz#156b3436f45ef18218960804988c1f552d2c4e46"
  integrity sha512-ND/2UqZBWvtt4PfV03OStTKg0mxmPk4UpMAgJKutdgsz/wP9CYJ1KbjwFgPNekL9JnzbKQsWyQNPVrcw7kQk8A==
  dependencies:
    "@polkadot/api-augment" "10.9.1"
    "@polkadot/api-base" "10.9.1"
    "@polkadot/api-derive" "10.9.1"
    "@polkadot/keyring" "^12.3.1"
    "@polkadot/rpc-augment" "10.9.1"
    "@polkadot/rpc-core" "10.9.1"
    "@polkadot/rpc-provider" "10.9.1"
    "@polkadot/types" "10.9.1"
    "@polkadot/types-augment" "10.9.1"
    "@polkadot/types-codec" "10.9.1"
    "@polkadot/types-create" "10.9.1"
    "@polkadot/types-known" "10.9.1"
    "@polkadot/util" "^12.3.1"
    "@polkadot/util-crypto" "^12.3.1"
    eventemitter3 "^5.0.1"
    rxjs "^7.8.1"
    tslib "^2.5.3"

"@polkadot/keyring@^12.0.0", "@polkadot/keyring@^12.3.1":
  version "12.4.2"
  resolved "https://registry.yarnpkg.com/@polkadot/keyring/-/keyring-12.4.2.tgz#ff66c531ff29c1c9cb7c0f8411930bc18c76e2d3"
  integrity sha512-VH91feSL6GiVVLcJ6V8h6jIAuq62bfvhM75AMcjTFol6MDqFl25jdjkHfZ2bQhig330LIhLw89nKdYr2/OfwjA==
  dependencies:
    "@polkadot/util" "12.4.2"
    "@polkadot/util-crypto" "12.4.2"
    tslib "^2.6.2"

"@polkadot/networks@12.4.2", "@polkadot/networks@^12.3.1":
  version "12.4.2"
  resolved "https://registry.yarnpkg.com/@polkadot/networks/-/networks-12.4.2.tgz#6b3dcbdd016beb0ea585009fd61b048b99b17d1c"
  integrity sha512-dd7vss+86kpOyy/C+DuCWChGfhwHBHtrzJ9ArbbpY75qc8SqdP90lj/c13ZCHr5I1l+coy31gyyMj5i6ja1Dpg==
  dependencies:
    "@polkadot/util" "12.4.2"
    "@substrate/ss58-registry" "^1.43.0"
    tslib "^2.6.2"

"@polkadot/rpc-augment@10.9.1":
  version "10.9.1"
  resolved "https://registry.yarnpkg.com/@polkadot/rpc-augment/-/rpc-augment-10.9.1.tgz#214ec3ee145d20caa61ea204041a3aadb89c6b0f"
  integrity sha512-MaLHkNlyqN20ZRYr6uNd1BZr1OsrnX9qLAmsl0mcrri1vPGRH6VHjfFH1RBLkikpWD82v17g0l2hLwdV1ZHMcw==
  dependencies:
    "@polkadot/rpc-core" "10.9.1"
    "@polkadot/types" "10.9.1"
    "@polkadot/types-codec" "10.9.1"
    "@polkadot/util" "^12.3.1"
    tslib "^2.5.3"

"@polkadot/rpc-core@10.9.1":
  version "10.9.1"
  resolved "https://registry.yarnpkg.com/@polkadot/rpc-core/-/rpc-core-10.9.1.tgz#798c514dbed6f6c2e43098a494c9f51fb144dc31"
  integrity sha512-ZtA8B8SfXSAwVkBlCcKRHw0eSM7ec/sbiNOM5GasXPeRujUgT7lOwSH2GbUZSqe9RfRDMp6DvO9c2JoGc3LLWw==
  dependencies:
    "@polkadot/rpc-augment" "10.9.1"
    "@polkadot/rpc-provider" "10.9.1"
    "@polkadot/types" "10.9.1"
    "@polkadot/util" "^12.3.1"
    rxjs "^7.8.1"
    tslib "^2.5.3"

"@polkadot/rpc-provider@10.9.1":
  version "10.9.1"
  resolved "https://registry.yarnpkg.com/@polkadot/rpc-provider/-/rpc-provider-10.9.1.tgz#de3a474bbcd26d28d9cd3134acdb3b5ce92b680b"
  integrity sha512-4QzT2QzD+320+eT6b79sGAA85Tt3Bb8fQvse4r5Mom2iiBd2SO81vOhxSAOaIe4GUsw25VzFJmsbe7+OObItdg==
  dependencies:
    "@polkadot/keyring" "^12.3.1"
    "@polkadot/types" "10.9.1"
    "@polkadot/types-support" "10.9.1"
    "@polkadot/util" "^12.3.1"
    "@polkadot/util-crypto" "^12.3.1"
    "@polkadot/x-fetch" "^12.3.1"
    "@polkadot/x-global" "^12.3.1"
    "@polkadot/x-ws" "^12.3.1"
    eventemitter3 "^5.0.1"
    mock-socket "^9.2.1"
    nock "^13.3.1"
    tslib "^2.5.3"
  optionalDependencies:
    "@substrate/connect" "0.7.26"

"@polkadot/types-augment@10.9.1":
  version "10.9.1"
  resolved "https://registry.yarnpkg.com/@polkadot/types-augment/-/types-augment-10.9.1.tgz#5f1c1225c04ffbfe243629a46087c9c9de25a6b3"
  integrity sha512-OY9/jTMFRFqYdkUnfcGwqMLC64A0Q25bjvCuVQCVjsPFKE3wl0Kt5rNT01eV2UmLXrR6fY0xWbR2w80bLA7CIQ==
  dependencies:
    "@polkadot/types" "10.9.1"
    "@polkadot/types-codec" "10.9.1"
    "@polkadot/util" "^12.3.1"
    tslib "^2.5.3"

"@polkadot/types-codec@10.9.1", "@polkadot/types-codec@^10.4.0":
  version "10.9.1"
  resolved "https://registry.yarnpkg.com/@polkadot/types-codec/-/types-codec-10.9.1.tgz#f30026d3dfeaa69c07c45fa66d1c39318fd232cc"
  integrity sha512-mJ5OegKGraY1FLvEa8FopRCr3pQrhDkcn5RNOjmgJQozENVeRaxhk0NwxYz7IojFvSDnKnc6lNQfKaaSe5pLHg==
  dependencies:
    "@polkadot/util" "^12.3.1"
    "@polkadot/x-bigint" "^12.3.1"
    tslib "^2.5.3"

"@polkadot/types-create@10.9.1":
  version "10.9.1"
  resolved "https://registry.yarnpkg.com/@polkadot/types-create/-/types-create-10.9.1.tgz#087d7e2af51cce558b67e3859613b932a3bdc0a3"
  integrity sha512-OVz50MGTTuiuVnRP/zAx4CTuLioc0hsiwNwqN2lNhmIJGtnQ4Vy/7mQRsIWehiYz6g0Vzzm5B3qWkTXO1NSN5w==
  dependencies:
    "@polkadot/types-codec" "10.9.1"
    "@polkadot/util" "^12.3.1"
    tslib "^2.5.3"

"@polkadot/types-known@10.9.1":
  version "10.9.1"
  resolved "https://registry.yarnpkg.com/@polkadot/types-known/-/types-known-10.9.1.tgz#fe0c7e55191aa843119edcaf9abb5d2471463a7d"
  integrity sha512-zCMVWc4pJtkbMFPu72bD4IhvV/gkHXPX3C5uu92WdmCfnn0vEIEsMKWlVXVVvQQZKAqvs/awpqIfrUtEViOGEA==
  dependencies:
    "@polkadot/networks" "^12.3.1"
    "@polkadot/types" "10.9.1"
    "@polkadot/types-codec" "10.9.1"
    "@polkadot/types-create" "10.9.1"
    "@polkadot/util" "^12.3.1"
    tslib "^2.5.3"

"@polkadot/types-support@10.9.1":
  version "10.9.1"
  resolved "https://registry.yarnpkg.com/@polkadot/types-support/-/types-support-10.9.1.tgz#17a861aab8e5a225a4e20cefa2d16076ddd51baf"
  integrity sha512-XsieuLDsszvMZQlleacQBfx07i/JkwQV/UxH9q8Hz7Okmaz9pEVEW1h3ka2/cPuC7a4l32JhaORBUYshBZNdJg==
  dependencies:
    "@polkadot/util" "^12.3.1"
    tslib "^2.5.3"

"@polkadot/types@10.9.1", "@polkadot/types@^10.4.0":
  version "10.9.1"
  resolved "https://registry.yarnpkg.com/@polkadot/types/-/types-10.9.1.tgz#f111d00f7278ad3be95deba3d701fafefe080cb2"
  integrity sha512-AG33i2ZGGfq7u+5rkAdGrXAQHHl844/Yv+junH5ZzX69xiCoWO1bH/yzDUNBdpki2GlACWvF9nLYh3F2tVF93w==
  dependencies:
    "@polkadot/keyring" "^12.3.1"
    "@polkadot/types-augment" "10.9.1"
    "@polkadot/types-codec" "10.9.1"
    "@polkadot/types-create" "10.9.1"
    "@polkadot/util" "^12.3.1"
    "@polkadot/util-crypto" "^12.3.1"
    rxjs "^7.8.1"
    tslib "^2.5.3"

"@polkadot/util-crypto@12.4.2", "@polkadot/util-crypto@^12.0.0", "@polkadot/util-crypto@^12.3.1":
  version "12.4.2"
  resolved "https://registry.yarnpkg.com/@polkadot/util-crypto/-/util-crypto-12.4.2.tgz#e19258dab5f2d4fe49f2d074d36d33a445e50b74"
  integrity sha512-JP7OrEKYx35P3wWc2Iu9F6BfYMIkywXik908zQqPxwoQhr8uDLP1Qoyu9Sws+hE97Yz1O4jBVvryS2le0yusog==
  dependencies:
    "@noble/curves" "1.1.0"
    "@noble/hashes" "1.3.1"
    "@polkadot/networks" "12.4.2"
    "@polkadot/util" "12.4.2"
    "@polkadot/wasm-crypto" "^7.2.2"
    "@polkadot/wasm-util" "^7.2.2"
    "@polkadot/x-bigint" "12.4.2"
    "@polkadot/x-randomvalues" "12.4.2"
    "@scure/base" "1.1.1"
    tslib "^2.6.2"

"@polkadot/util@12.4.2", "@polkadot/util@^12.0.0", "@polkadot/util@^12.3.1":
  version "12.4.2"
  resolved "https://registry.yarnpkg.com/@polkadot/util/-/util-12.4.2.tgz#65759f4b366c2a787fd21abacab8cf8ab1aebbf9"
  integrity sha512-NcTCbnIzMb/3TvJNEbaiu/9EvYIBuzDwZfqQ4hzL0GAptkF8aDkKMDCfQ/j3FI38rR+VTPQHNky9fvWglGKGRw==
  dependencies:
    "@polkadot/x-bigint" "12.4.2"
    "@polkadot/x-global" "12.4.2"
    "@polkadot/x-textdecoder" "12.4.2"
    "@polkadot/x-textencoder" "12.4.2"
    "@types/bn.js" "^5.1.1"
    bn.js "^5.2.1"
    tslib "^2.6.2"

"@polkadot/wasm-bridge@7.2.2":
  version "7.2.2"
  resolved "https://registry.yarnpkg.com/@polkadot/wasm-bridge/-/wasm-bridge-7.2.2.tgz#957b82b17927fe080729e8930b5b5c554f77b8df"
  integrity sha512-CgNENd65DVYtackOVXXRA0D1RPoCv5+77IdBCf7kNqu6LeAnR4nfTI6qjaApUdN1xRweUsQjSH7tu7VjkMOA0A==
  dependencies:
    "@polkadot/wasm-util" "7.2.2"
    tslib "^2.6.1"

"@polkadot/wasm-crypto-asmjs@7.2.2":
  version "7.2.2"
  resolved "https://registry.yarnpkg.com/@polkadot/wasm-crypto-asmjs/-/wasm-crypto-asmjs-7.2.2.tgz#25243a4d5d8d997761141b616623cacff4329f13"
  integrity sha512-wKg+cpsWQCTSVhjlHuNeB/184rxKqY3vaklacbLOMbUXieIfuDBav5PJdzS3yeiVE60TpYaHW4iX/5OYHS82gg==
  dependencies:
    tslib "^2.6.1"

"@polkadot/wasm-crypto-init@7.2.2":
  version "7.2.2"
  resolved "https://registry.yarnpkg.com/@polkadot/wasm-crypto-init/-/wasm-crypto-init-7.2.2.tgz#ffd105b87fc1b679c06c85c0848183c27bc539e3"
  integrity sha512-vD4iPIp9x+SssUIWUenxWLPw4BVIwhXHNMpsV81egK990tvpyIxL205/EF5QRb1mKn8WfWcNFm5tYwwh9NdnnA==
  dependencies:
    "@polkadot/wasm-bridge" "7.2.2"
    "@polkadot/wasm-crypto-asmjs" "7.2.2"
    "@polkadot/wasm-crypto-wasm" "7.2.2"
    "@polkadot/wasm-util" "7.2.2"
    tslib "^2.6.1"

"@polkadot/wasm-crypto-wasm@7.2.2":
  version "7.2.2"
  resolved "https://registry.yarnpkg.com/@polkadot/wasm-crypto-wasm/-/wasm-crypto-wasm-7.2.2.tgz#9e49a1565bda2bc830708693b491b37ad8a2144d"
  integrity sha512-3efoIB6jA3Hhv6k0YIBwCtlC8gCSWCk+R296yIXRLLr3cGN415KM/PO/d1JIXYI64lbrRzWRmZRhllw3jf6Atg==
  dependencies:
    "@polkadot/wasm-util" "7.2.2"
    tslib "^2.6.1"

"@polkadot/wasm-crypto@^7.2.2":
  version "7.2.2"
  resolved "https://registry.yarnpkg.com/@polkadot/wasm-crypto/-/wasm-crypto-7.2.2.tgz#3c4b300c0997f4f7e2ddcdf8101d97fa1f5d1a7f"
  integrity sha512-1ZY1rxUTawYm0m1zylvBMFovNIHYgG2v/XoASNp/EMG5c8FQIxCbhJRaTBA983GVq4lN/IAKREKEp9ZbLLqssA==
  dependencies:
    "@polkadot/wasm-bridge" "7.2.2"
    "@polkadot/wasm-crypto-asmjs" "7.2.2"
    "@polkadot/wasm-crypto-init" "7.2.2"
    "@polkadot/wasm-crypto-wasm" "7.2.2"
    "@polkadot/wasm-util" "7.2.2"
    tslib "^2.6.1"

"@polkadot/wasm-util@7.2.2", "@polkadot/wasm-util@^7.2.2":
  version "7.2.2"
  resolved "https://registry.yarnpkg.com/@polkadot/wasm-util/-/wasm-util-7.2.2.tgz#f8aa62eba9a35466aa23f3c5634f3e8dbd398bbf"
  integrity sha512-N/25960ifCc56sBlJZ2h5UBpEPvxBmMLgwYsl7CUuT+ea2LuJW9Xh8VHDN/guYXwmm92/KvuendYkEUykpm/JQ==
  dependencies:
    tslib "^2.6.1"

"@polkadot/x-bigint@12.4.2", "@polkadot/x-bigint@^12.3.1":
  version "12.4.2"
  resolved "https://registry.yarnpkg.com/@polkadot/x-bigint/-/x-bigint-12.4.2.tgz#a63c9c926443231206726103d06c117ac2248de8"
  integrity sha512-VRbkhdIf7CyWiUSyHemYi2fFWjBetUGyqpzsIHEclmzvqhKPfs7Kd2ZRdoXKU5QM56eD0sV2pyJxL34dv36/rw==
  dependencies:
    "@polkadot/x-global" "12.4.2"
    tslib "^2.6.2"

"@polkadot/x-fetch@^12.3.1":
  version "12.4.2"
  resolved "https://registry.yarnpkg.com/@polkadot/x-fetch/-/x-fetch-12.4.2.tgz#c5b70aacf7491ec9e51b0b14a7dbda44e9f3a11c"
  integrity sha512-QEtYIUO6q6LupYkOl+vRwAkbBSSNHbALG8Y3+L/tFDubeXQl79vCkJFmsjhLewpsDIwTFTPNOwzA0ZEyb+0HZw==
  dependencies:
    "@polkadot/x-global" "12.4.2"
    node-fetch "^3.3.2"
    tslib "^2.6.2"

"@polkadot/x-global@12.4.2", "@polkadot/x-global@^12.3.1":
  version "12.4.2"
  resolved "https://registry.yarnpkg.com/@polkadot/x-global/-/x-global-12.4.2.tgz#cc6ed596698678f98a53547b9adb712eadfd5175"
  integrity sha512-CwbjSt1Grmn56xAj+hGC8ZB0uZxMl92K+VkBH0KxjgcbAX/D24ZD/0ds8pAnUYrO4aYHYq2j2MAGVSMdHcMBAQ==
  dependencies:
    tslib "^2.6.2"

"@polkadot/x-randomvalues@12.4.2":
  version "12.4.2"
  resolved "https://registry.yarnpkg.com/@polkadot/x-randomvalues/-/x-randomvalues-12.4.2.tgz#399a7f831e465e6cd5aea64f8220693b07be86fa"
  integrity sha512-HVlXRWY9RfN54RgfDroDy2itWmtTUtr119DfPl3wjnBf9i4wl/M+848OYlmCZCTpViTJrvWVSEJH9zVgchlNnw==
  dependencies:
    "@polkadot/x-global" "12.4.2"
    tslib "^2.6.2"

"@polkadot/x-textdecoder@12.4.2":
  version "12.4.2"
  resolved "https://registry.yarnpkg.com/@polkadot/x-textdecoder/-/x-textdecoder-12.4.2.tgz#fea941decbe32d24aa3f951a511bf576dc104826"
  integrity sha512-cyUoKwdSIiBXAaWnGdMYqnaNHc5NV9skQh/fITis3ufKKi3pMwxJ5IwhhfDZpuKDl/3fDXF40Z3fqtTeUnoRXA==
  dependencies:
    "@polkadot/x-global" "12.4.2"
    tslib "^2.6.2"

"@polkadot/x-textencoder@12.4.2":
  version "12.4.2"
  resolved "https://registry.yarnpkg.com/@polkadot/x-textencoder/-/x-textencoder-12.4.2.tgz#a717fe2701ade5648600ff3a34d4d1224d916ee3"
  integrity sha512-xrcwx55B2K7j9CnVucGLFl0qd5sb7W5Ei6dOsWgDnZNjZPBqsx9jTBQSBv9HmyHE4GEnF4z0rpO0msy3S7Sj9Q==
  dependencies:
    "@polkadot/x-global" "12.4.2"
    tslib "^2.6.2"

"@polkadot/x-ws@^12.3.1":
  version "12.4.2"
  resolved "https://registry.yarnpkg.com/@polkadot/x-ws/-/x-ws-12.4.2.tgz#675e2d7effd6cafebc43783484a6ae55afb58f20"
  integrity sha512-dYUtpbPa/JNd94tPAM9iHMzhR8MZ4wtOPh8gvueQRRYC8ZYQ9NPwjbBImY2FRfx7wCG1tFLAR6OEw4ToLLJNsA==
  dependencies:
    "@polkadot/x-global" "12.4.2"
    tslib "^2.6.2"
    ws "^8.13.0"

"@scure/base@1.1.1":
  version "1.1.1"
  resolved "https://registry.yarnpkg.com/@scure/base/-/base-1.1.1.tgz#ebb651ee52ff84f420097055f4bf46cfba403938"
  integrity sha512-ZxOhsSyxYwLJj3pLZCefNitxsj093tb2vq90mp2txoYeBqbcjDjqFhyM8eUjq/uFm6zJ+mUuqxlS2FkuSY1MTA==

"@substrate/connect-extension-protocol@^1.0.1":
  version "1.0.1"
  resolved "https://registry.yarnpkg.com/@substrate/connect-extension-protocol/-/connect-extension-protocol-1.0.1.tgz#fa5738039586c648013caa6a0c95c43265dbe77d"
  integrity sha512-161JhCC1csjH3GE5mPLEd7HbWtwNSPJBg3p1Ksz9SFlTzj/bgEwudiRN2y5i0MoLGCIJRYKyKGMxVnd29PzNjg==

"@substrate/connect@0.7.26":
  version "0.7.26"
  resolved "https://registry.yarnpkg.com/@substrate/connect/-/connect-0.7.26.tgz#a0ee5180c9cb2f29250d1219a32f7b7e7dea1196"
  integrity sha512-uuGSiroGuKWj1+38n1kY5HReer5iL9bRwPCzuoLtqAOmI1fGI0hsSI2LlNQMAbfRgr7VRHXOk5MTuQf5ulsFRw==
  dependencies:
    "@substrate/connect-extension-protocol" "^1.0.1"
    eventemitter3 "^4.0.7"
    smoldot "1.0.4"

"@substrate/ss58-registry@^1.43.0":
  version "1.43.0"
  resolved "https://registry.yarnpkg.com/@substrate/ss58-registry/-/ss58-registry-1.43.0.tgz#93108e45cb7ef6d82560c153e3692c2aa1c711b3"
  integrity sha512-USEkXA46P9sqClL7PZv0QFsit4S8Im97wchKG0/H/9q3AT/S76r40UHfCr4Un7eBJPE23f7fU9BZ0ITpP9MCsA==

"@types/bn.js@^5.1.1":
  version "5.1.1"
  resolved "https://registry.yarnpkg.com/@types/bn.js/-/bn.js-5.1.1.tgz#b51e1b55920a4ca26e9285ff79936bbdec910682"
  integrity sha512-qNrYbZqMx0uJAfKnKclPh+dTwK33KfLHYqtyODwd5HnXOjnkhc4qgn3BrK6RWyGZm5+sIFE7Q7Vz6QQtJB7w7g==
  dependencies:
    "@types/node" "*"

"@types/node@*", "@types/node@^20.6.0":
  version "20.6.0"
  resolved "https://registry.yarnpkg.com/@types/node/-/node-20.6.0.tgz#9d7daa855d33d4efec8aea88cd66db1c2f0ebe16"
  integrity sha512-najjVq5KN2vsH2U/xyh2opaSEz6cZMR2SetLIlxlj08nOcmPOemJmUK2o4kUzfLqfrWE0PIrNeE16XhYDd3nqg==

bn.js@^5.2.1:
  version "5.2.1"
  resolved "https://registry.yarnpkg.com/bn.js/-/bn.js-5.2.1.tgz#0bc527a6a0d18d0aa8d5b0538ce4a77dccfa7b70"
  integrity sha512-eXRvHzWyYPBuB4NBy0cmYQjGitUrtqwbvlzP3G6VFnNRbsZQIxQ10PbKKHt8gZ/HW/D/747aDl+QkDqg3KQLMQ==

cbor-web@^9.0.0:
  version "9.0.1"
  resolved "https://registry.yarnpkg.com/cbor-web/-/cbor-web-9.0.1.tgz#844fc2b816939bada26854de60503efd02b15e65"
  integrity sha512-9lW24Q2fOvCei/qMSeH48VWOcndR6u/gsi1zqXzXqeTj67XVGR253S+rOaJY+zE9TDahorcpXKeIBFRv4U2MYA==

commander@^11.0.0:
  version "11.0.0"
  resolved "https://registry.yarnpkg.com/commander/-/commander-11.0.0.tgz#43e19c25dbedc8256203538e8d7e9346877a6f67"
  integrity sha512-9HMlXtt/BNoYr8ooyjjNRdIilOTkVJXB+GhxMTtOKwk0R4j4lS4NpjuqmRxroBfnfTSHQIHQB7wryHhXarNjmQ==

data-uri-to-buffer@^4.0.0:
  version "4.0.1"
  resolved "https://registry.yarnpkg.com/data-uri-to-buffer/-/data-uri-to-buffer-4.0.1.tgz#d8feb2b2881e6a4f58c2e08acfd0e2834e26222e"
  integrity sha512-0R9ikRb668HB7QDxT1vkpuUBtqc53YyAwMwGeUFKRojY/NWKvdZ+9UYtRfGmhqNbRkTSVpMbmyhXipFFv2cb/A==

debug@^4.1.0:
  version "4.3.4"
  resolved "https://registry.yarnpkg.com/debug/-/debug-4.3.4.tgz#1319f6579357f2338d3337d2cdd4914bb5dcc865"
  integrity sha512-PRWFHuSU3eDtQJPvnNY7Jcket1j0t5OuOsFzPPzsekD52Zl8qUfFIPEiswXqIvHWGVHOgX+7G/vCNNhehwxfkQ==
  dependencies:
    ms "2.1.2"

dotenv@^16.3.1:
  version "16.3.1"
  resolved "https://registry.yarnpkg.com/dotenv/-/dotenv-16.3.1.tgz#369034de7d7e5b120972693352a3bf112172cc3e"
  integrity sha512-IPzF4w4/Rd94bA9imS68tZBaYyBWSCE47V1RGuMrB94iyTOIEwRmVL2x/4An+6mETpLrKJ5hQkB8W4kFAadeIQ==

error-stack-parser@^1.3.6:
  version "1.3.6"
  resolved "https://registry.yarnpkg.com/error-stack-parser/-/error-stack-parser-1.3.6.tgz#e0e73b93e417138d1cd7c0b746b1a4a14854c292"
  integrity sha512-xhuSYd8wLgOXwNgjcPeXMPL/IiiA1Huck+OPvClpJViVNNlJVtM41o+1emp7bPvlCJwCatFX2DWc05/DgfbWzA==
  dependencies:
    stackframe "^0.3.1"

eventemitter3@^4.0.7:
  version "4.0.7"
  resolved "https://registry.yarnpkg.com/eventemitter3/-/eventemitter3-4.0.7.tgz#2de9b68f6528d5644ef5c59526a1b4a07306169f"
  integrity sha512-8guHBZCwKnFhYdHr2ysuRWErTwhoN2X8XELRlrRwpmfeY2jjuUN4taQMsULKUVo1K4DvZl+0pgfyoysHxvmvEw==

eventemitter3@^5.0.1:
  version "5.0.1"
  resolved "https://registry.yarnpkg.com/eventemitter3/-/eventemitter3-5.0.1.tgz#53f5ffd0a492ac800721bb42c66b841de96423c4"
  integrity sha512-GWkBvjiSZK87ELrYOSESUYeVIc9mvLLf/nXalMOS5dYrgZq9o5OVkbZAVM06CVxYsCwH9BDZFPlQTlPA1j4ahA==

fetch-blob@^3.1.2, fetch-blob@^3.1.4:
  version "3.2.0"
  resolved "https://registry.yarnpkg.com/fetch-blob/-/fetch-blob-3.2.0.tgz#f09b8d4bbd45adc6f0c20b7e787e793e309dcce9"
  integrity sha512-7yAQpD2UMJzLi1Dqv7qFYnPbaPx7ZfFK6PiIxQ4PfkGPyNyl2Ugx+a/umUonmKqjhM4DnfbMvdX6otXq83soQQ==
  dependencies:
    node-domexception "^1.0.0"
    web-streams-polyfill "^3.0.3"

formdata-polyfill@^4.0.10:
  version "4.0.10"
  resolved "https://registry.yarnpkg.com/formdata-polyfill/-/formdata-polyfill-4.0.10.tgz#24807c31c9d402e002ab3d8c720144ceb8848423"
  integrity sha512-buewHzMvYL29jdeQTVILecSaZKnt/RJWjoZCF5OW60Z67/GmSLBkOFM7qh1PI3zFNtJbaZL5eQu1vLfazOwj4g==
  dependencies:
    fetch-blob "^3.1.2"

json-stringify-safe@^5.0.1:
  version "5.0.1"
  resolved "https://registry.yarnpkg.com/json-stringify-safe/-/json-stringify-safe-5.0.1.tgz#1296a2d58fd45f19a0f6ce01d65701e2c735b6eb"
  integrity sha512-ZClg6AaYvamvYEE82d3Iyd3vSSIjQ+odgjaTzRuO3s7toCdFKczob2i0zCh7JE8kWn17yvAWhUVxvqGwUalsRA==

lodash@^4.17.21:
  version "4.17.21"
  resolved "https://registry.yarnpkg.com/lodash/-/lodash-4.17.21.tgz#679591c564c3bffaae8454cf0b3df370c3d6911c"
  integrity sha512-v2kDEe57lecTulaDIuNTPy3Ry4gLGJ6Z1O3vE1krgXZNrsQ+LFTGHVxVjcXPs17LhbZVGedAJv8XZ1tvj5FvSg==

mock-socket@^9.2.1:
  version "9.3.0"
  resolved "https://registry.yarnpkg.com/mock-socket/-/mock-socket-9.3.0.tgz#f98286c3d5a0d3633a9a88bb61e2d258190f2755"
  integrity sha512-TFaQaIxXbzNke3z9nhSnMJFQn8l7QPmF+Luhh8MPHqkmr6B4fPquOTSILCjGUyxDBPv9AFxuaTGmRINDHDmkdQ==

ms@2.1.2:
  version "2.1.2"
  resolved "https://registry.yarnpkg.com/ms/-/ms-2.1.2.tgz#d09d1f357b443f493382a8eb3ccd183872ae6009"
  integrity sha512-sGkPx+VjMtmA6MX27oA4FBFELFCZZ4S4XqeGOXCv68tT+jb3vk/RyaKWP0PTKyWtmLSM0b+adUTEvbs1PEaH2w==

nock@^13.3.1:
  version "13.3.3"
  resolved "https://registry.yarnpkg.com/nock/-/nock-13.3.3.tgz#179759c07d3f88ad3e794ace885629c1adfd3fe7"
  integrity sha512-z+KUlILy9SK/RjpeXDiDUEAq4T94ADPHE3qaRkf66mpEhzc/ytOMm3Bwdrbq6k1tMWkbdujiKim3G2tfQARuJw==
  dependencies:
    debug "^4.1.0"
    json-stringify-safe "^5.0.1"
    lodash "^4.17.21"
    propagate "^2.0.0"

node-domexception@^1.0.0:
  version "1.0.0"
  resolved "https://registry.yarnpkg.com/node-domexception/-/node-domexception-1.0.0.tgz#6888db46a1f71c0b76b3f7555016b63fe64766e5"
  integrity sha512-/jKZoMpw0F8GRwl4/eLROPA3cfcXtLApP0QzLmUT/HuPCZWyB7IY9ZrMeKw2O/nFIqPQB3PVM9aYm0F312AXDQ==

node-fetch@2:
  version "2.7.0"
  resolved "https://registry.yarnpkg.com/node-fetch/-/node-fetch-2.7.0.tgz#d0f0fa6e3e2dc1d27efcd8ad99d550bda94d187d"
  integrity sha512-c4FRfUm/dbcWZ7U+1Wq0AwCyFL+3nt2bEw05wfxSz+DWpWsitgmSgYmy2dQdWyKC1694ELPqMs/YzUSNozLt8A==
  dependencies:
    whatwg-url "^5.0.0"

node-fetch@^3.3.2:
  version "3.3.2"
  resolved "https://registry.yarnpkg.com/node-fetch/-/node-fetch-3.3.2.tgz#d1e889bacdf733b4ff3b2b243eb7a12866a0b78b"
  integrity sha512-dRB78srN/l6gqWulah9SrxeYnxeddIG30+GOqK/9OlLVyLg3HPnr6SqOWTWOXKRwC2eGYCkZ59NNuSgvSrpgOA==
  dependencies:
    data-uri-to-buffer "^4.0.0"
    fetch-blob "^3.1.4"
    formdata-polyfill "^4.0.10"

pako@^2.0.4:
  version "2.1.0"
  resolved "https://registry.yarnpkg.com/pako/-/pako-2.1.0.tgz#266cc37f98c7d883545d11335c00fbd4062c9a86"
  integrity sha512-w+eufiZ1WuJYgPXbV/PO3NCMEc3xqylkKHzp8bxp1uW4qaSNQUkwmLLEc3kKsfz8lpV1F8Ht3U1Cm+9Srog2ug==

propagate@^2.0.0:
  version "2.0.1"
  resolved "https://registry.yarnpkg.com/propagate/-/propagate-2.0.1.tgz#40cdedab18085c792334e64f0ac17256d38f9a45"
  integrity sha512-vGrhOavPSTz4QVNuBNdcNXePNdNMaO1xj9yBeH1ScQPjk/rhg9sSlCXPhMkFuaNNW/syTvYqsnbIJxMBfRbbag==

rxjs@^7.8.1:
  version "7.8.1"
  resolved "https://registry.yarnpkg.com/rxjs/-/rxjs-7.8.1.tgz#6f6f3d99ea8044291efd92e7c7fcf562c4057543"
  integrity sha512-AA3TVj+0A2iuIoQkWEK/tqFjBq2j+6PO6Y0zJcvzLAFhEFIO3HL0vls9hWLncZbAAbK0mar7oZ4V079I/qPMxg==
  dependencies:
    tslib "^2.1.0"

smoldot@1.0.4:
  version "1.0.4"
  resolved "https://registry.yarnpkg.com/smoldot/-/smoldot-1.0.4.tgz#e4c38cedad68d699a11b5b9ce72bb75c891bfd98"
  integrity sha512-N3TazI1C4GGrseFH/piWyZCCCRJTRx2QhDfrUKRT4SzILlW5m8ayZ3QTKICcz1C/536T9cbHHJyP7afxI6Mi1A==
  dependencies:
    pako "^2.0.4"
    ws "^8.8.1"

source-map@0.5.6:
  version "0.5.6"
  resolved "https://registry.yarnpkg.com/source-map/-/source-map-0.5.6.tgz#75ce38f52bf0733c5a7f0c118d81334a2bb5f412"
  integrity sha512-MjZkVp0NHr5+TPihLcadqnlVoGIoWo4IBHptutGh9wI3ttUYvCG26HkSuDi+K6lsZ25syXJXcctwgyVCt//xqA==

stack-generator@^1.0.7:
  version "1.1.0"
  resolved "https://registry.yarnpkg.com/stack-generator/-/stack-generator-1.1.0.tgz#36f6a920751a6c10f499a13c32cbb5f51a0b8b25"
  integrity sha512-sZDVjwC56vZoo+a5t0LH/1sMQLWYLi/r+Z2ztyCAOhOX3QBP34GWxK0FWf2eU1TIU2CJKCKBAtDZycUh/ZKMlw==
  dependencies:
    stackframe "^1.0.2"

stackframe@^0.3.1, stackframe@~0.3:
  version "0.3.1"
  resolved "https://registry.yarnpkg.com/stackframe/-/stackframe-0.3.1.tgz#33aa84f1177a5548c8935533cbfeb3420975f5a4"
  integrity sha512-XmoiF4T5nuWEp2x2w92WdGjdHGY/cZa6LIbRsDRQR/Xlk4uW0PAUlH1zJYVffocwKpCdwyuypIp25xsSXEtZHw==

stackframe@^1.0.2:
  version "1.3.4"
  resolved "https://registry.yarnpkg.com/stackframe/-/stackframe-1.3.4.tgz#b881a004c8c149a5e8efef37d51b16e412943310"
  integrity sha512-oeVtt7eWQS+Na6F//S4kJ2K2VbRlS9D43mAlMyVpVWovy9o+jfgH8O9agzANzaiLjclA0oYzUXEM4PurhSUChw==

stacktrace-gps@^2.4.3:
  version "2.4.4"
  resolved "https://registry.yarnpkg.com/stacktrace-gps/-/stacktrace-gps-2.4.4.tgz#69c827e9d6d6f41cf438d7f195e2e3cbfcf28c44"
  integrity sha512-msFhuMEEklQLUtaJ+GeCDjzUN+PamfHWQiK3C1LnbHjoxSeF5dAxiE+aJkptNMmMNOropGFJ7G3ZT7dPZHgDaQ==
  dependencies:
    source-map "0.5.6"
    stackframe "~0.3"

stacktrace-js@1.3.1:
  version "1.3.1"
  resolved "https://registry.yarnpkg.com/stacktrace-js/-/stacktrace-js-1.3.1.tgz#67cab2589af5c417b962f7369940277bb3b6a18b"
  integrity sha512-b+5voFnXqg9TWdOE50soXL+WuOreYUm1Ukg9U7rzEWGL4+gcVxIcFasNBtOffVX0I1lYqVZj0PZXZvTt5e3YRQ==
  dependencies:
    error-stack-parser "^1.3.6"
    stack-generator "^1.0.7"
    stacktrace-gps "^2.4.3"

tr46@~0.0.3:
  version "0.0.3"
  resolved "https://registry.yarnpkg.com/tr46/-/tr46-0.0.3.tgz#8184fd347dac9cdc185992f3a6622e14b9d9ab6a"
  integrity sha512-N3WMsuqV66lT30CrXNbEjx4GEwlow3v6rr4mCcv6prnfwhS01rkgyFdjPNBYd9br7LpXV1+Emh01fHnq2Gdgrw==

tslib@^2.1.0, tslib@^2.5.3, tslib@^2.6.1, tslib@^2.6.2:
  version "2.6.2"
  resolved "https://registry.yarnpkg.com/tslib/-/tslib-2.6.2.tgz#703ac29425e7b37cd6fd456e92404d46d1f3e4ae"
  integrity sha512-AEYxH93jGFPn/a2iVAwW87VuUIkR1FVUKB77NwMF7nBTDkDrrT/Hpt/IrCJ0QXhW27jTBDcf5ZY7w6RiqTMw2Q==

tweetnacl@^1.0.3:
  version "1.0.3"
  resolved "https://registry.yarnpkg.com/tweetnacl/-/tweetnacl-1.0.3.tgz#ac0af71680458d8a6378d0d0d050ab1407d35596"
  integrity sha512-6rt+RN7aOi1nGMyC4Xa5DdYiukl2UWCbcJft7YhxReBGQD7OAM8Pbxw6YMo4r2diNEA8FEmu32YOn9rhaiE5yw==

typescript-logging@^1.0.0:
  version "1.0.1"
  resolved "https://registry.yarnpkg.com/typescript-logging/-/typescript-logging-1.0.1.tgz#e0f8157943780cf5943aacd53b04cb73d108a0f9"
  integrity sha512-zp28ABme0m5q/nXabBaY9Hv/35N8lMH4FsvhpUO0zVi4vFs3uKlb5br2it61HAZF5k+U0aP6E67j0VD0IzXGpQ==
  dependencies:
    stacktrace-js "1.3.1"

typescript@^5.2.2:
  version "5.2.2"
  resolved "https://registry.yarnpkg.com/typescript/-/typescript-5.2.2.tgz#5ebb5e5a5b75f085f22bc3f8460fba308310fa78"
  integrity sha512-mI4WrpHsbCIcwT9cF4FZvr80QUeKvsUsUvKDoR+X/7XHQH98xYD8YHZg7ANtz2GtZt/CBq2QJ0thkGJMHfqc1w==

uuid@^9.0.0:
  version "9.0.0"
  resolved "https://registry.yarnpkg.com/uuid/-/uuid-9.0.0.tgz#592f550650024a38ceb0c562f2f6aa435761efb5"
  integrity sha512-MXcSTerfPa4uqyzStbRoTgt5XIe3x5+42+q1sDuy3R5MDk66URdLMOZe5aPX/SQd+kuYAh0FdP/pO28IkQyTeg==

web-streams-polyfill@^3.0.3:
  version "3.2.1"
  resolved "https://registry.yarnpkg.com/web-streams-polyfill/-/web-streams-polyfill-3.2.1.tgz#71c2718c52b45fd49dbeee88634b3a60ceab42a6"
  integrity sha512-e0MO3wdXWKrLbL0DgGnUV7WHVuw9OUvL4hjgnPkIeEvESk74gAITi5G606JtZPp39cd8HA9VQzCIvA49LpPN5Q==

webidl-conversions@^3.0.0:
  version "3.0.1"
  resolved "https://registry.yarnpkg.com/webidl-conversions/-/webidl-conversions-3.0.1.tgz#24534275e2a7bc6be7bc86611cc16ae0a5654871"
  integrity sha512-2JAn3z8AR6rjK8Sm8orRC0h/bcl/DqL7tRPdGZ4I1CjdF+EaMLmYxBHyXuKL849eucPFhvBoxMsflfOb8kxaeQ==

whatwg-url@^5.0.0:
  version "5.0.0"
  resolved "https://registry.yarnpkg.com/whatwg-url/-/whatwg-url-5.0.0.tgz#966454e8765462e37644d3626f6742ce8b70965d"
  integrity sha512-saE57nupxk6v3HY35+jzBwYa0rKSy0XR8JSxZPwgLr7ys0IBzhGviA1/TUGJLmSVqs8pb9AnvICXEuOHLprYTw==
  dependencies:
    tr46 "~0.0.3"
    webidl-conversions "^3.0.0"

ws@^8.13.0, ws@^8.8.1:
  version "8.14.1"
  resolved "https://registry.yarnpkg.com/ws/-/ws-8.14.1.tgz#4b9586b4f70f9e6534c7bb1d3dc0baa8b8cf01e0"
  integrity sha512-4OOseMUq8AzRBI/7SLMUwO+FEDnguetSk7KMb1sHwvF2w2Wv5Hoj0nlifx8vtGsftE/jWHojPy8sMMzYLJ2G/A==
